
Microsoft Visual Studio Solution File, Format Version 12.00
# Visual Studio Version 16
VisualStudioVersion = 16.0.32802.440
MinimumVisualStudioVersion = 10.0.40219.1
Project("{888888A0-9F3D-457C-B088-3A5042F75D52}") = "PyTestQtExample", "PyTestQtExample.pyproj", "{EC4E2D7E-C341-41C6-A2D6-4B33FC60CC2D}"
EndProject
Global
	GlobalSection(SolutionConfigurationPlatforms) = preSolution
		Debug|Any CPU = Debug|Any CPU
		Release|Any CPU = Release|Any CPU
	EndGlobalSection
	GlobalSection(ProjectConfigurationPlatforms) = postSolution
		{EC4E2D7E-C341-41C6-A2D6-4B33FC60CC2D}.Debug|Any CPU.ActiveCfg = Debug|Any CPU
		{EC4E2D7E-C341-41C6-A2D6-4B33FC60CC2D}.Release|Any CPU.ActiveCfg = Release|Any CPU
	EndGlobalSection
	GlobalSection(SolutionProperties) = preSolution
		HideSolutionNode = FALSE
	EndGlobalSection
	GlobalSection(ExtensibilityGlobals) = postSolution
		SolutionGuid = {A37DAD94-37D7-46BF-93F6-BB3BEE231F77}
	EndGlobalSection
EndGlobal
